// !$*UTF8*$!
{
	archiveVersion = 1;
	classes = {
	};
	objectVersion = 50;
	objects = {

/* Begin PBXBuildFile section */
		3B4266CC218314C100AEA2B4 /* AppDelegate.swift in Sources */ = {isa = PBXBuildFile; fileRef = 3B4266CB218314C100AEA2B4 /* AppDelegate.swift */; };
		3B4266CE218314C100AEA2B4 /* ViewController.swift in Sources */ = {isa = PBXBuildFile; fileRef = 3B4266CD218314C100AEA2B4 /* ViewController.swift */; };
		3B4266D1218314C100AEA2B4 /* Main.storyboard in Resources */ = {isa = PBXBuildFile; fileRef = 3B4266CF218314C100AEA2B4 /* Main.storyboard */; };
		3B4266D4218314C100AEA2B4 /* Pinky.xcdatamodeld in Sources */ = {isa = PBXBuildFile; fileRef = 3B4266D2218314C100AEA2B4 /* Pinky.xcdatamodeld */; };
		3B4266D6218314C300AEA2B4 /* Assets.xcassets in Resources */ = {isa = PBXBuildFile; fileRef = 3B4266D5218314C300AEA2B4 /* Assets.xcassets */; };
		3B4266D9218314C300AEA2B4 /* LaunchScreen.storyboard in Resources */ = {isa = PBXBuildFile; fileRef = 3B4266D7218314C300AEA2B4 /* LaunchScreen.storyboard */; };
		3B4266E4218314C300AEA2B4 /* PinkyTests.swift in Sources */ = {isa = PBXBuildFile; fileRef = 3B4266E3218314C300AEA2B4 /* PinkyTests.swift */; };
		3B4266EF218314C300AEA2B4 /* PinkyUITests.swift in Sources */ = {isa = PBXBuildFile; fileRef = 3B4266EE218314C300AEA2B4 /* PinkyUITests.swift */; };
/* End PBXBuildFile section */

/* Begin PBXContainerItemProxy section */
		3B4266E0218314C300AEA2B4 /* PBXContainerItemProxy */ = {
			isa = PBXContainerItemProxy;
			containerPortal = 3B4266C0218314C100AEA2B4 /* Project object */;
			proxyType = 1;
			remoteGlobalIDString = 3B4266C7218314C100AEA2B4;
			remoteInfo = Pinky;
		};
		3B4266EB218314C300AEA2B4 /* PBXContainerItemProxy */ = {
			isa = PBXContainerItemProxy;
			containerPortal = 3B4266C0218314C100AEA2B4 /* Project object */;
			proxyType = 1;
			remoteGlobalIDString = 3B4266C7218314C100AEA2B4;
			remoteInfo = Pinky;
		};
/* End PBXContainerItemProxy section */

/* Begin PBXFileReference section */
		3B4266C8218314C100AEA2B4 /* Pinky.app */ = {isa = PBXFileReference; explicitFileType = wrapper.application; includeInIndex = 0; path = Pinky.app; sourceTree = BUILT_PRODUCTS_DIR; };
		3B4266CB218314C100AEA2B4 /* AppDelegate.swift */ = {isa = PBXFileReference; lastKnownFileType = sourcecode.swift; path = AppDelegate.swift; sourceTree = "<group>"; };
		3B4266CD218314C100AEA2B4 /* ViewController.swift */ = {isa = PBXFileReference; lastKnownFileType = sourcecode.swift; path = ViewController.swift; sourceTree = "<group>"; };
		3B4266D0218314C100AEA2B4 /* Base */ = {isa = PBXFileReference; lastKnownFileType = file.storyboard; name = Base; path = Base.lproj/Main.storyboard; sourceTree = "<group>"; };
		3B4266D3218314C100AEA2B4 /* Pinky.xcdatamodel */ = {isa = PBXFileReference; lastKnownFileType = wrapper.xcdatamodel; path = Pinky.xcdatamodel; sourceTree = "<group>"; };
		3B4266D5218314C300AEA2B4 /* Assets.xcassets */ = {isa = PBXFileReference; lastKnownFileType = folder.assetcatalog; path = Assets.xcassets; sourceTree = "<group>"; };
		3B4266D8218314C300AEA2B4 /* Base */ = {isa = PBXFileReference; lastKnownFileType = file.storyboard; name = Base; path = Base.lproj/LaunchScreen.storyboard; sourceTree = "<group>"; };
		3B4266DA218314C300AEA2B4 /* Info.plist */ = {isa = PBXFileReference; lastKnownFileType = text.plist.xml; path = Info.plist; sourceTree = "<group>"; };
		3B4266DF218314C300AEA2B4 /* PinkyTests.xctest */ = {isa = PBXFileReference; explicitFileType = wrapper.cfbundle; includeInIndex = 0; path = PinkyTests.xctest; sourceTree = BUILT_PRODUCTS_DIR; };
		3B4266E3218314C300AEA2B4 /* PinkyTests.swift */ = {isa = PBXFileReference; lastKnownFileType = sourcecode.swift; path = PinkyTests.swift; sourceTree = "<group>"; };
		3B4266E5218314C300AEA2B4 /* Info.plist */ = {isa = PBXFileReference; lastKnownFileType = text.plist.xml; path = Info.plist; sourceTree = "<group>"; };
		3B4266EA218314C300AEA2B4 /* PinkyUITests.xctest */ = {isa = PBXFileReference; explicitFileType = wrapper.cfbundle; includeInIndex = 0; path = PinkyUITests.xctest; sourceTree = BUILT_PRODUCTS_DIR; };
		3B4266EE218314C300AEA2B4 /* PinkyUITests.swift */ = {isa = PBXFileReference; lastKnownFileType = sourcecode.swift; path = PinkyUITests.swift; sourceTree = "<group>"; };
		3B4266F0218314C300AEA2B4 /* Info.plist */ = {isa = PBXFileReference; lastKnownFileType = text.plist.xml; path = Info.plist; sourceTree = "<group>"; };
/* End PBXFileReference section */

/* Begin PBXFrameworksBuildPhase section */
		3B4266C5218314C100AEA2B4 /* Frameworks */ = {
			isa = PBXFrameworksBuildPhase;
			buildActionMask = 2147483647;
			files = (
			);
			runOnlyForDeploymentPostprocessing = 0;
		};
		3B4266DC218314C300AEA2B4 /* Frameworks */ = {
			isa = PBXFrameworksBuildPhase;
			buildActionMask = 2147483647;
			files = (
			);
			runOnlyForDeploymentPostprocessing = 0;
		};
		3B4266E7218314C300AEA2B4 /* Frameworks */ = {
			isa = PBXFrameworksBuildPhase;
			buildActionMask = 2147483647;
			files = (
			);
			runOnlyForDeploymentPostprocessing = 0;
		};
/* End PBXFrameworksBuildPhase section */

/* Begin PBXGroup section */
		3B4266BF218314C100AEA2B4 = {
			isa = PBXGroup;
			children = (
				3B4266CA218314C100AEA2B4 /* Pinky */,
				3B4266E2218314C300AEA2B4 /* PinkyTests */,
				3B4266ED218314C300AEA2B4 /* PinkyUITests */,
				3B4266C9218314C100AEA2B4 /* Products */,
			);
			sourceTree = "<group>";
		};
		3B4266C9218314C100AEA2B4 /* Products */ = {
			isa = PBXGroup;
			children = (
				3B4266C8218314C100AEA2B4 /* Pinky.app */,
				3B4266DF218314C300AEA2B4 /* PinkyTests.xctest */,
				3B4266EA218314C300AEA2B4 /* PinkyUITests.xctest */,
			);
			name = Products;
			sourceTree = "<group>";
		};
		3B4266CA218314C100AEA2B4 /* Pinky */ = {
			isa = PBXGroup;
			children = (
				3B4266CB218314C100AEA2B4 /* AppDelegate.swift */,
				3B4266CD218314C100AEA2B4 /* ViewController.swift */,
				3B4266CF218314C100AEA2B4 /* Main.storyboard */,
				3B4266D5218314C300AEA2B4 /* Assets.xcassets */,
				3B4266D7218314C300AEA2B4 /* LaunchScreen.storyboard */,
				3B4266DA218314C300AEA2B4 /* Info.plist */,
				3B4266D2218314C100AEA2B4 /* Pinky.xcdatamodeld */,
			);
			path = Pinky;
			sourceTree = "<group>";
		};
		3B4266E2218314C300AEA2B4 /* PinkyTests */ = {
			isa = PBXGroup;
			children = (
				3B4266E3218314C300AEA2B4 /* PinkyTests.swift */,
				3B4266E5218314C300AEA2B4 /* Info.plist */,
			);
			path = PinkyTests;
			sourceTree = "<group>";
		};
		3B4266ED218314C300AEA2B4 /* PinkyUITests */ = {
			isa = PBXGroup;
			children = (
				3B4266EE218314C300AEA2B4 /* PinkyUITests.swift */,
				3B4266F0218314C300AEA2B4 /* Info.plist */,
			);
			path = PinkyUITests;
			sourceTree = "<group>";
		};
/* End PBXGroup section */

/* Begin PBXNativeTarget section */
		3B4266C7218314C100AEA2B4 /* Pinky */ = {
			isa = PBXNativeTarget;
			buildConfigurationList = 3B4266F3218314C300AEA2B4 /* Build configuration list for PBXNativeTarget "Pinky" */;
			buildPhases = (
				3B4266C4218314C100AEA2B4 /* Sources */,
				3B4266C5218314C100AEA2B4 /* Frameworks */,
				3B4266C6218314C100AEA2B4 /* Resources */,
			);
			buildRules = (
			);
			dependencies = (
			);
			name = Pinky;
			productName = Pinky;
			productReference = 3B4266C8218314C100AEA2B4 /* Pinky.app */;
			productType = "com.apple.product-type.application";
		};
		3B4266DE218314C300AEA2B4 /* PinkyTests */ = {
			isa = PBXNativeTarget;
			buildConfigurationList = 3B4266F6218314C300AEA2B4 /* Build configuration list for PBXNativeTarget "PinkyTests" */;
			buildPhases = (
				3B4266DB218314C300AEA2B4 /* Sources */,
				3B4266DC218314C300AEA2B4 /* Frameworks */,
				3B4266DD218314C300AEA2B4 /* Resources */,
			);
			buildRules = (
			);
			dependencies = (
				3B4266E1218314C300AEA2B4 /* PBXTargetDependency */,
			);
			name = PinkyTests;
			productName = PinkyTests;
			productReference = 3B4266DF218314C300AEA2B4 /* PinkyTests.xctest */;
			productType = "com.apple.product-type.bundle.unit-test";
		};
		3B4266E9218314C300AEA2B4 /* PinkyUITests */ = {
			isa = PBXNativeTarget;
			buildConfigurationList = 3B4266F9218314C300AEA2B4 /* Build configuration list for PBXNativeTarget "PinkyUITests" */;
			buildPhases = (
				3B4266E6218314C300AEA2B4 /* Sources */,
				3B4266E7218314C300AEA2B4 /* Frameworks */,
				3B4266E8218314C300AEA2B4 /* Resources */,
			);
			buildRules = (
			);
			dependencies = (
				3B4266EC218314C300AEA2B4 /* PBXTargetDependency */,
			);
			name = PinkyUITests;
			productName = PinkyUITests;
			productReference = 3B4266EA218314C300AEA2B4 /* PinkyUITests.xctest */;
			productType = "com.apple.product-type.bundle.ui-testing";
		};
/* End PBXNativeTarget section */

/* Begin PBXProject section */
		3B4266C0218314C100AEA2B4 /* Project object */ = {
			isa = PBXProject;
			attributes = {
				LastSwiftUpdateCheck = 1000;
				LastUpgradeCheck = 1000;
				ORGANIZATIONNAME = "山川拓也";
				TargetAttributes = {
					3B4266C7218314C100AEA2B4 = {
						CreatedOnToolsVersion = 10.0;
					};
					3B4266DE218314C300AEA2B4 = {
						CreatedOnToolsVersion = 10.0;
						TestTargetID = 3B4266C7218314C100AEA2B4;
					};
					3B4266E9218314C300AEA2B4 = {
						CreatedOnToolsVersion = 10.0;
						TestTargetID = 3B4266C7218314C100AEA2B4;
					};
				};
			};
			buildConfigurationList = 3B4266C3218314C100AEA2B4 /* Build configuration list for PBXProject "Pinky" */;
			compatibilityVersion = "Xcode 9.3";
			developmentRegion = en;
			hasScannedForEncodings = 0;
			knownRegions = (
				en,
				Base,
			);
			mainGroup = 3B4266BF218314C100AEA2B4;
			productRefGroup = 3B4266C9218314C100AEA2B4 /* Products */;
			projectDirPath = "";
			projectRoot = "";
			targets = (
				3B4266C7218314C100AEA2B4 /* Pinky */,
				3B4266DE218314C300AEA2B4 /* PinkyTests */,
				3B4266E9218314C300AEA2B4 /* PinkyUITests */,
			);
		};
/* End PBXProject section */

/* Begin PBXResourcesBuildPhase section */
		3B4266C6218314C100AEA2B4 /* Resources */ = {
			isa = PBXResourcesBuildPhase;
			buildActionMask = 2147483647;
			files = (
				3B4266D9218314C300AEA2B4 /* LaunchScreen.storyboard in Resources */,
				3B4266D6218314C300AEA2B4 /* Assets.xcassets in Resources */,
				3B4266D1218314C100AEA2B4 /* Main.storyboard in Resources */,
			);
			runOnlyForDeploymentPostprocessing = 0;
		};
		3B4266DD218314C300AEA2B4 /* Resources */ = {
			isa = PBXResourcesBuildPhase;
			buildActionMask = 2147483647;
			files = (
			);
			runOnlyForDeploymentPostprocessing = 0;
		};
		3B4266E8218314C300AEA2B4 /* Resources */ = {
			isa = PBXResourcesBuildPhase;
			buildActionMask = 2147483647;
			files = (
			);
			runOnlyForDeploymentPostprocessing = 0;
		};
/* End PBXResourcesBuildPhase section */

/* Begin PBXSourcesBuildPhase section */
		3B4266C4218314C100AEA2B4 /* Sources */ = {
			isa = PBXSourcesBuildPhase;
			buildActionMask = 2147483647;
			files = (
				3B4266CE218314C100AEA2B4 /* ViewController.swift in Sources */,
				3B4266CC218314C100AEA2B4 /* AppDelegate.swift in Sources */,
				3B4266D4218314C100AEA2B4 /* Pinky.xcdatamodeld in Sources */,
			);
			runOnlyForDeploymentPostprocessing = 0;
		};
		3B4266DB218314C300AEA2B4 /* Sources */ = {
			isa = PBXSourcesBuildPhase;
			buildActionMask = 2147483647;
			files = (
				3B4266E4218314C300AEA2B4 /* PinkyTests.swift in Sources */,
			);
			runOnlyForDeploymentPostprocessing = 0;
		};
		3B4266E6218314C300AEA2B4 /* Sources */ = {
			isa = PBXSourcesBuildPhase;
			buildActionMask = 2147483647;
			files = (
				3B4266EF218314C300AEA2B4 /* PinkyUITests.swift in Sources */,
			);
			runOnlyForDeploymentPostprocessing = 0;
		};
/* End PBXSourcesBuildPhase section */

/* Begin PBXTargetDependency section */
		3B4266E1218314C300AEA2B4 /* PBXTargetDependency */ = {
			isa = PBXTargetDependency;
			target = 3B4266C7218314C100AEA2B4 /* Pinky */;
			targetProxy = 3B4266E0218314C300AEA2B4 /* PBXContainerItemProxy */;
		};
		3B4266EC218314C300AEA2B4 /* PBXTargetDependency */ = {
			isa = PBXTargetDependency;
			target = 3B4266C7218314C100AEA2B4 /* Pinky */;
			targetProxy = 3B4266EB218314C300AEA2B4 /* PBXContainerItemProxy */;
		};
/* End PBXTargetDependency section */

/* Begin PBXVariantGroup section */
		3B4266CF218314C100AEA2B4 /* Main.storyboard */ = {
			isa = PBXVariantGroup;
			children = (
				3B4266D0218314C100AEA2B4 /* Base */,
			);
			name = Main.storyboard;
			sourceTree = "<group>";
		};
		3B4266D7218314C300AEA2B4 /* LaunchScreen.storyboard */ = {
			isa = PBXVariantGroup;
			children = (
				3B4266D8218314C300AEA2B4 /* Base */,
			);
			name = LaunchScreen.storyboard;
			sourceTree = "<group>";
		};
/* End PBXVariantGroup section */

/* Begin XCBuildConfiguration section */
		3B4266F1218314C300AEA2B4 /* Debug */ = {
			isa = XCBuildConfiguration;
			buildSettings = {
				ALWAYS_SEARCH_USER_PATHS = NO;
				CLANG_ANALYZER_NONNULL = YES;
				CLANG_ANALYZER_NUMBER_OBJECT_CONVERSION = YES_AGGRESSIVE;
				CLANG_CXX_LANGUAGE_STANDARD = "gnu++14";
				CLANG_CXX_LIBRARY = "libc++";
				CLANG_ENABLE_MODULES = YES;
				CLANG_ENABLE_OBJC_ARC = YES;
				CLANG_ENABLE_OBJC_WEAK = YES;
				CLANG_WARN_BLOCK_CAPTURE_AUTORELEASING = YES;
				CLANG_WARN_BOOL_CONVERSION = YES;
				CLANG_WARN_COMMA = YES;
				CLANG_WARN_CONSTANT_CONVERSION = YES;
				CLANG_WARN_DEPRECATED_OBJC_IMPLEMENTATIONS = YES;
				CLANG_WARN_DIRECT_OBJC_ISA_USAGE = YES_ERROR;
				CLANG_WARN_DOCUMENTATION_COMMENTS = YES;
				CLANG_WARN_EMPTY_BODY = YES;
				CLANG_WARN_ENUM_CONVERSION = YES;
				CLANG_WARN_INFINITE_RECURSION = YES;
				CLANG_WARN_INT_CONVERSION = YES;
				CLANG_WARN_NON_LITERAL_NULL_CONVERSION = YES;
				CLANG_WARN_OBJC_IMPLICIT_RETAIN_SELF = YES;
				CLANG_WARN_OBJC_LITERAL_CONVERSION = YES;
				CLANG_WARN_OBJC_ROOT_CLASS = YES_ERROR;
				CLANG_WARN_RANGE_LOOP_ANALYSIS = YES;
				CLANG_WARN_STRICT_PROTOTYPES = YES;
				CLANG_WARN_SUSPICIOUS_MOVE = YES;
				CLANG_WARN_UNGUARDED_AVAILABILITY = YES_AGGRESSIVE;
				CLANG_WARN_UNREACHABLE_CODE = YES;
				CLANG_WARN__DUPLICATE_METHOD_MATCH = YES;
				CODE_SIGN_IDENTITY = "iPhone Developer";
				COPY_PHASE_STRIP = NO;
				DEBUG_INFORMATION_FORMAT = dwarf;
				ENABLE_STRICT_OBJC_MSGSEND = YES;
				ENABLE_TESTABILITY = YES;
				GCC_C_LANGUAGE_STANDARD = gnu11;
				GCC_DYNAMIC_NO_PIC = NO;
				GCC_NO_COMMON_BLOCKS = YES;
				GCC_OPTIMIZATION_LEVEL = 0;
				GCC_PREPROCESSOR_DEFINITIONS = (
					"DEBUG=1",
					"$(inherited)",
				);
				GCC_WARN_64_TO_32_BIT_CONVERSION = YES;
				GCC_WARN_ABOUT_RETURN_TYPE = YES_ERROR;
				GCC_WARN_UNDECLARED_SELECTOR = YES;
				GCC_WARN_UNINITIALIZED_AUTOS = YES_AGGRESSIVE;
				GCC_WARN_UNUSED_FUNCTION = YES;
				GCC_WARN_UNUSED_VARIABLE = YES;
				IPHONEOS_DEPLOYMENT_TARGET = 12.0;
				MTL_ENABLE_DEBUG_INFO = INCLUDE_SOURCE;
				MTL_FAST_MATH = YES;
				ONLY_ACTIVE_ARCH = YES;
				SDKROOT = iphoneos;
				SWIFT_ACTIVE_COMPILATION_CONDITIONS = DEBUG;
				SWIFT_OPTIMIZATION_LEVEL = "-Onone";
			};
			name = Debug;
		};
		3B4266F2218314C300AEA2B4 /* Release */ = {
			isa = XCBuildConfiguration;
			buildSettings = {
				ALWAYS_SEARCH_USER_PATHS = NO;
				CLANG_ANALYZER_NONNULL = YES;
				CLANG_ANALYZER_NUMBER_OBJECT_CONVERSION = YES_AGGRESSIVE;
				CLANG_CXX_LANGUAGE_STANDARD = "gnu++14";
				CLANG_CXX_LIBRARY = "libc++";
				CLANG_ENABLE_MODULES = YES;
				CLANG_ENABLE_OBJC_ARC = YES;
				CLANG_ENABLE_OBJC_WEAK = YES;
				CLANG_WARN_BLOCK_CAPTURE_AUTORELEASING = YES;
				CLANG_WARN_BOOL_CONVERSION = YES;
				CLANG_WARN_COMMA = YES;
				CLANG_WARN_CONSTANT_CONVERSION = YES;
				CLANG_WARN_DEPRECATED_OBJC_IMPLEMENTATIONS = YES;
				CLANG_WARN_DIRECT_OBJC_ISA_USAGE = YES_ERROR;
				CLANG_WARN_DOCUMENTATION_COMMENTS = YES;
				CLANG_WARN_EMPTY_BODY = YES;
				CLANG_WARN_ENUM_CONVERSION = YES;
				CLANG_WARN_INFINITE_RECURSION = YES;
				CLANG_WARN_INT_CONVERSION = YES;
				CLANG_WARN_NON_LITERAL_NULL_CONVERSION = YES;
				CLANG_WARN_OBJC_IMPLICIT_RETAIN_SELF = YES;
				CLANG_WARN_OBJC_LITERAL_CONVERSION = YES;
				CLANG_WARN_OBJC_ROOT_CLASS = YES_ERROR;
				CLANG_WARN_RANGE_LOOP_ANALYSIS = YES;
				CLANG_WARN_STRICT_PROTOTYPES = YES;
				CLANG_WARN_SUSPICIOUS_MOVE = YES;
				CLANG_WARN_UNGUARDED_AVAILABILITY = YES_AGGRESSIVE;
				CLANG_WARN_UNREACHABLE_CODE = YES;
				CLANG_WARN__DUPLICATE_METHOD_MATCH = YES;
				CODE_SIGN_IDENTITY = "iPhone Developer";
				COPY_PHASE_STRIP = NO;
				DEBUG_INFORMATION_FORMAT = "dwarf-with-dsym";
				ENABLE_NS_ASSERTIONS = NO;
				ENABLE_STRICT_OBJC_MSGSEND = YES;
				GCC_C_LANGUAGE_STANDARD = gnu11;
				GCC_NO_COMMON_BLOCKS = YES;
				GCC_WARN_64_TO_32_BIT_CONVERSION = YES;
				GCC_WARN_ABOUT_RETURN_TYPE = YES_ERROR;
				GCC_WARN_UNDECLARED_SELECTOR = YES;
				GCC_WARN_UNINITIALIZED_AUTOS = YES_AGGRESSIVE;
				GCC_WARN_UNUSED_FUNCTION = YES;
				GCC_WARN_UNUSED_VARIABLE = YES;
				IPHONEOS_DEPLOYMENT_TARGET = 12.0;
				MTL_ENABLE_DEBUG_INFO = NO;
				MTL_FAST_MATH = YES;
				SDKROOT = iphoneos;
				SWIFT_COMPILATION_MODE = wholemodule;
				SWIFT_OPTIMIZATION_LEVEL = "-O";
				VALIDATE_PRODUCT = YES;
			};
			name = Release;
		};
		3B4266F4218314C300AEA2B4 /* Debug */ = {
			isa = XCBuildConfiguration;
			buildSettings = {
				ASSETCATALOG_COMPILER_APPICON_NAME = AppIcon;
				CODE_SIGN_STYLE = Automatic;
				DEVELOPMENT_TEAM = 3W722UE7AL;
				INFOPLIST_FILE = Pinky/Info.plist;
				LD_RUNPATH_SEARCH_PATHS = (
					"$(inherited)",
					"@executable_path/Frameworks",
				);
				PRODUCT_BUNDLE_IDENTIFIER = com.yama.Pinky;
				PRODUCT_NAME = "$(TARGET_NAME)";
				SWIFT_VERSION = 4.2;
				TARGETED_DEVICE_FAMILY = "1,2";
			};
			name = Debug;
		};
		3B4266F5218314C300AEA2B4 /* Release */ = {
			isa = XCBuildConfiguration;
			buildSettings = {
				ASSETCATALOG_COMPILER_APPICON_NAME = AppIcon;
				CODE_SIGN_STYLE = Automatic;
				DEVELOPMENT_TEAM = 3W722UE7AL;
				INFOPLIST_FILE = Pinky/Info.plist;
				LD_RUNPATH_SEARCH_PATHS = (
					"$(inherited)",
					"@executable_path/Frameworks",
				);
				PRODUCT_BUNDLE_IDENTIFIER = com.yama.Pinky;
				PRODUCT_NAME = "$(TARGET_NAME)";
				SWIFT_VERSION = 4.2;
				TARGETED_DEVICE_FAMILY = "1,2";
			};
			name = Release;
		};
		3B4266F7218314C300AEA2B4 /* Debug */ = {
			isa = XCBuildConfiguration;
			buildSettings = {
				ALWAYS_EMBED_SWIFT_STANDARD_LIBRARIES = YES;
				BUNDLE_LOADER = "$(TEST_HOST)";
				CODE_SIGN_STYLE = Automatic;
				DEVELOPMENT_TEAM = 3W722UE7AL;
				INFOPLIST_FILE = PinkyTests/Info.plist;
				LD_RUNPATH_SEARCH_PATHS = (
					"$(inherited)",
					"@executable_path/Frameworks",
					"@loader_path/Frameworks",
				);
				PRODUCT_BUNDLE_IDENTIFIER = com.yama.PinkyTests;
				PRODUCT_NAME = "$(TARGET_NAME)";
				SWIFT_VERSION = 4.2;
				TARGETED_DEVICE_FAMILY = "1,2";
				TEST_HOST = "$(BUILT_PRODUCTS_DIR)/Pinky.app/Pinky";
			};
			name = Debug;
		};
		3B4266F8218314C300AEA2B4 /* Release */ = {
			isa = XCBuildConfiguration;
			buildSettings = {
				ALWAYS_EMBED_SWIFT_STANDARD_LIBRARIES = YES;
				BUNDLE_LOADER = "$(TEST_HOST)";
				CODE_SIGN_STYLE = Automatic;
				DEVELOPMENT_TEAM = 3W722UE7AL;
				INFOPLIST_FILE = PinkyTests/Info.plist;
				LD_RUNPATH_SEARCH_PATHS = (
					"$(inherited)",
					"@executable_path/Frameworks",
					"@loader_path/Frameworks",
				);
				PRODUCT_BUNDLE_IDENTIFIER = com.yama.PinkyTests;
				PRODUCT_NAME = "$(TARGET_NAME)";
				SWIFT_VERSION = 4.2;
				TARGETED_DEVICE_FAMILY = "1,2";
				TEST_HOST = "$(BUILT_PRODUCTS_DIR)/Pinky.app/Pinky";
			};
			name = Release;
		};
		3B4266FA218314C300AEA2B4 /* Debug */ = {
			isa = XCBuildConfiguration;
			buildSettings = {
				ALWAYS_EMBED_SWIFT_STANDARD_LIBRARIES = YES;
				CODE_SIGN_STYLE = Automatic;
				DEVELOPMENT_TEAM = 3W722UE7AL;
				INFOPLIST_FILE = PinkyUITests/Info.plist;
				LD_RUNPATH_SEARCH_PATHS = (
					"$(inherited)",
					"@executable_path/Frameworks",
					"@loader_path/Frameworks",
				);
				PRODUCT_BUNDLE_IDENTIFIER = com.yama.PinkyUITests;
				PRODUCT_NAME = "$(TARGET_NAME)";
				SWIFT_VERSION = 4.2;
				TARGETED_DEVICE_FAMILY = "1,2";
				TEST_TARGET_NAME = Pinky;
			};
			name = Debug;
		};
		3B4266FB218314C300AEA2B4 /* Release */ = {
			isa = XCBuildConfiguration;
			buildSettings = {
				ALWAYS_EMBED_SWIFT_STANDARD_LIBRARIES = YES;
				CODE_SIGN_STYLE = Automatic;
				DEVELOPMENT_TEAM = 3W722UE7AL;
				INFOPLIST_FILE = PinkyUITests/Info.plist;
				LD_RUNPATH_SEARCH_PATHS = (
					"$(inherited)",
					"@executable_path/Frameworks",
					"@loader_path/Frameworks",
				);
				PRODUCT_BUNDLE_IDENTIFIER = com.yama.PinkyUITests;
				PRODUCT_NAME = "$(TARGET_NAME)";
				SWIFT_VERSION = 4.2;
				TARGETED_DEVICE_FAMILY = "1,2";
				TEST_TARGET_NAME = Pinky;
			};
			name = Release;
		};
/* End XCBuildConfiguration section */

/* Begin XCConfigurationList section */
		3B4266C3218314C100AEA2B4 /* Build configuration list for PBXProject "Pinky" */ = {
			isa = XCConfigurationList;
			buildConfigurations = (
				3B4266F1218314C300AEA2B4 /* Debug */,
				3B4266F2218314C300AEA2B4 /* Release */,
			);
			defaultConfigurationIsVisible = 0;
			defaultConfigurationName = Release;
		};
		3B4266F3218314C300AEA2B4 /* Build configuration list for PBXNativeTarget "Pinky" */ = {
			isa = XCConfigurationList;
			buildConfigurations = (
				3B4266F4218314C300AEA2B4 /* Debug */,
				3B4266F5218314C300AEA2B4 /* Release */,
			);
			defaultConfigurationIsVisible = 0;
			defaultConfigurationName = Release;
		};
		3B4266F6218314C300AEA2B4 /* Build configuration list for PBXNativeTarget "PinkyTests" */ = {
			isa = XCConfigurationList;
			buildConfigurations = (
				3B4266F7218314C300AEA2B4 /* Debug */,
				3B4266F8218314C300AEA2B4 /* Release */,
			);
			defaultConfigurationIsVisible = 0;
			defaultConfigurationName = Release;
		};
		3B4266F9218314C300AEA2B4 /* Build configuration list for PBXNativeTarget "PinkyUITests" */ = {
			isa = XCConfigurationList;
			buildConfigurations = (
				3B4266FA218314C300AEA2B4 /* Debug */,
				3B4266FB218314C300AEA2B4 /* Release */,
			);
			defaultConfigurationIsVisible = 0;
			defaultConfigurationName = Release;
		};
/* End XCConfigurationList section */

/* Begin XCVersionGroup section */
		3B4266D2218314C100AEA2B4 /* Pinky.xcdatamodeld */ = {
			isa = XCVersionGroup;
			children = (
				3B4266D3218314C100AEA2B4 /* Pinky.xcdatamodel */,
			);
			currentVersion = 3B4266D3218314C100AEA2B4 /* Pinky.xcdatamodel */;
			path = Pinky.xcdatamodeld;
			sourceTree = "<group>";
			versionGroupType = wrapper.xcdatamodel;
		};
/* End XCVersionGroup section */
	};
	rootObject = 3B4266C0218314C100AEA2B4 /* Project object */;
}
